
Microsoft Visual Studio Solution File, Format Version 12.00
# Visual Studio 14
VisualStudioVersion = 14.0.25420.1
MinimumVisualStudioVersion = 10.0.40219.1
Project("{2150E333-8FDC-42A3-9474-1A3956D46DE8}") = "src", "src", "{06009A12-E514-444D-8A0C-D9B12269294D}"
EndProject
Project("{2150E333-8FDC-42A3-9474-1A3956D46DE8}") = "Solution Items", "Solution Items", "{9058500C-3C2F-47BD-928D-E81B7924E069}"
	ProjectSection(SolutionItems) = preProject
		global.json = global.json
	EndProjectSection
EndProject
Project("{8BB2217D-0F2D-49D1-97BC-3654ED321F3B}") = "xTend", "src\xTend\xTend.xproj", "{BDB181F9-E061-490D-B8A0-975DF62ACB4E}"
EndProject
Project("{2150E333-8FDC-42A3-9474-1A3956D46DE8}") = "test", "test", "{D471C360-CC3D-4EAD-8494-24A95F9C28A1}"
EndProject
Project("{8BB2217D-0F2D-49D1-97BC-3654ED321F3B}") = "xTend.Tests", "test\xTend.Tests\xTend.Tests.xproj", "{10AFF72F-84B1-45DC-A534-A2836781F697}"
EndProject
Global
	GlobalSection(SolutionConfigurationPlatforms) = preSolution
		Debug|Any CPU = Debug|Any CPU
		Release|Any CPU = Release|Any CPU
	EndGlobalSection
	GlobalSection(ProjectConfigurationPlatforms) = postSolution
		{BDB181F9-E061-490D-B8A0-975DF62ACB4E}.Debug|Any CPU.ActiveCfg = Debug|Any CPU
		{BDB181F9-E061-490D-B8A0-975DF62ACB4E}.Debug|Any CPU.Build.0 = Debug|Any CPU
		{BDB181F9-E061-490D-B8A0-975DF62ACB4E}.Release|Any CPU.ActiveCfg = Release|Any CPU
		{BDB181F9-E061-490D-B8A0-975DF62ACB4E}.Release|Any CPU.Build.0 = Release|Any CPU
		{10AFF72F-84B1-45DC-A534-A2836781F697}.Debug|Any CPU.ActiveCfg = Debug|Any CPU
		{10AFF72F-84B1-45DC-A534-A2836781F697}.Debug|Any CPU.Build.0 = Debug|Any CPU
		{10AFF72F-84B1-45DC-A534-A2836781F697}.Release|Any CPU.ActiveCfg = Release|Any CPU
		{10AFF72F-84B1-45DC-A534-A2836781F697}.Release|Any CPU.Build.0 = Release|Any CPU
	EndGlobalSection
	GlobalSection(SolutionProperties) = preSolution
		HideSolutionNode = FALSE
	EndGlobalSection
	GlobalSection(NestedProjects) = preSolution
		{BDB181F9-E061-490D-B8A0-975DF62ACB4E} = {06009A12-E514-444D-8A0C-D9B12269294D}
		{10AFF72F-84B1-45DC-A534-A2836781F697} = {D471C360-CC3D-4EAD-8494-24A95F9C28A1}
	EndGlobalSection
EndGlobal
